{
  "originHash" : "12bfb47cdc65766da9be06cba89e5998192a7babffb08298b425fb0aee693031",
  "pins" : [
    {
      "identity" : "ios-resources-colors",
      "kind" : "remoteSourceControl",
      "location" : "https://gitlab.akbars.tech/abo/ios-resources-colors.git",
      "state" : {
        "revision" : "a5575917f6db4ed88533fa8ed13ff2f36ba6a09c",
        "version" : "0.0.3"
      }
    },
    {
      "identity" : "ios-resources-fonts",
      "kind" : "remoteSourceControl",
      "location" : "https://gitlab.akbars.tech/abo/ios-resources-fonts.git",
      "state" : {
        "revision" : "ba60010f93fa82ff25fa3509ed1a132833a1d590",
        "version" : "0.0.1"
      }
    },
    {
      "identity" : "ios-resources-icons",
      "kind" : "remoteSourceControl",
      "location" : "https://gitlab.akbars.tech/abo/ios-resources-icons.git",
      "state" : {
        "revision" : "897bdd766c4136e337ae2305525f91d81b70ec23",
        "version" : "0.0.3"
      }
    },
    {
      "identity" : "ios-resources-ui-components",
      "kind" : "remoteSourceControl",
      "location" : "https://gitlab.akbars.tech/abo/ios-resources-ui-components.git",
      "state" : {
        "revision" : "0b1214cdb8ad7b2d23c813be3cb08fd0332099dc",
        "version" : "4.1.0"
      }
    },
    {
      "identity" : "ios.architecture",
      "kind" : "remoteSourceControl",
      "location" : "https://gitlab.akbars.tech/abo/ios.architecture",
      "state" : {
        "revision" : "42393a7d964b318398492610181824a55b92e0f6",
        "version" : "1.0.0"
      }
    },
    {
      "identity" : "ios.designsystem",
      "kind" : "remoteSourceControl",
      "location" : "https://gitlab.akbars.tech/abo/ios.designsystem",
      "state" : {
        "revision" : "8e83b9e2d4005ba756ce46d1abe1c736dfb0165c",
        "version" : "4.0.3"
      }
    },
    {
      "identity" : "kingfisher",
      "kind" : "remoteSourceControl",
      "location" : "https://github.com/onevcat/Kingfisher",
      "state" : {
        "revision" : "5b92f029fab2cce44386d28588098b5be0824ef5",
        "version" : "7.11.0"
      }
    },
    {
      "identity" : "snapkit",
      "kind" : "remoteSourceControl",
      "location" : "https://github.com/SnapKit/SnapKit.git",
      "state" : {
        "revision" : "f222cbdf325885926566172f6f5f06af95473158",
        "version" : "5.6.0"
      }
    }
  ],
  "version" : 3
}
