{
  "originHash" : "309b67781203ae1e5048513ae9504c35590752927aa2e38a58b9c648cc36e8ad",
  "pins" : [
    {
      "identity" : "ios-resources-colors",
      "kind" : "remoteSourceControl",
      "location" : "https://gitlab.akbars.tech/abo/ios-resources-colors.git",
      "state" : {
        "revision" : "a5575917f6db4ed88533fa8ed13ff2f36ba6a09c",
        "version" : "0.0.3"
      }
    },
    {
      "identity" : "ios-resources-fonts",
      "kind" : "remoteSourceControl",
      "location" : "https://gitlab.akbars.tech/abo/ios-resources-fonts.git",
      "state" : {
        "revision" : "ba60010f93fa82ff25fa3509ed1a132833a1d590",
        "version" : "0.0.1"
      }
    },
    {
      "identity" : "ios-resources-icons",
      "kind" : "remoteSourceControl",
      "location" : "https://gitlab.akbars.tech/abo/ios-resources-icons.git",
      "state" : {
        "revision" : "897bdd766c4136e337ae2305525f91d81b70ec23",
        "version" : "0.0.3"
      }
    },
    {
      "identity" : "ios-resources-ui-components",
      "kind" : "remoteSourceControl",
      "location" : "https://gitlab.akbars.tech/abo/ios-resources-ui-components.git",
      "state" : {
        "revision" : "526f79b9486d77ee66ee330e0257891f9fc8ebe7",
        "version" : "4.0.0"
      }
    },
    {
      "identity" : "ios.architecture",
      "kind" : "remoteSourceControl",
      "location" : "https://gitlab.akbars.tech/abo/ios.architecture",
      "state" : {
        "revision" : "7658812fc6d295c5207c24a0d853e53606d7cde8",
        "version" : "0.0.6"
      }
    },
    {
      "identity" : "ios.designsystem",
      "kind" : "remoteSourceControl",
      "location" : "https://gitlab.akbars.tech/abo/ios.designsystem",
      "state" : {
        "revision" : "dbc921accf253721677d3bfb490415fa2cd37da2",
        "version" : "4.0.1"
      }
    },
    {
      "identity" : "kingfisher",
      "kind" : "remoteSourceControl",
      "location" : "https://github.com/onevcat/Kingfisher",
      "state" : {
        "revision" : "5b92f029fab2cce44386d28588098b5be0824ef5",
        "version" : "7.11.0"
      }
    },
    {
      "identity" : "snapkit",
      "kind" : "remoteSourceControl",
      "location" : "https://github.com/SnapKit/SnapKit.git",
      "state" : {
        "revision" : "f222cbdf325885926566172f6f5f06af95473158",
        "version" : "5.6.0"
      }
    }
  ],
  "version" : 3
}
